// !$*UTF8*$!
{
	archiveVersion = 1;
	classes = {
	};
	objectVersion = 45;
	objects = {

/* Begin PBXBuildFile section */
		8DD76F650486A84900D96B5E /* main.cpp in Sources */ = {isa = PBXBuildFile; fileRef = 08FB7796FE84155DC02AAC07 /* main.cpp */; settings = {ATTRIBUTES = (); }; };
		96E5A232179B3EDA005C6182 /* command_state_factory.cpp in Sources */ = {isa = PBXBuildFile; fileRef = 96E5A230179B3EDA005C6182 /* command_state_factory.cpp */; };
		96E5A273179B470D005C6182 /* command_input_handler.cpp in Sources */ = {isa = PBXBuildFile; fileRef = 96E5A271179B470D005C6182 /* command_input_handler.cpp */; };
		96E5A279179B4C83005C6182 /* command_state.cpp in Sources */ = {isa = PBXBuildFile; fileRef = 96E5A277179B4C83005C6182 /* command_state.cpp */; };
		96E5A280179C312E005C6182 /* global_state.cpp in Sources */ = {isa = PBXBuildFile; fileRef = 96E5A27E179C312E005C6182 /* global_state.cpp */; };
		96E5A291179C410F005C6182 /* get_command.cpp in Sources */ = {isa = PBXBuildFile; fileRef = 96E5A28F179C410F005C6182 /* get_command.cpp */; };
		96E5A2A8179C4E09005C6182 /* command_error.cpp in Sources */ = {isa = PBXBuildFile; fileRef = 96E5A2A6179C4E09005C6182 /* command_error.cpp */; };
		96E5A2B4179C5C26005C6182 /* ignore_command.cpp in Sources */ = {isa = PBXBuildFile; fileRef = 96E5A2B2179C5C26005C6182 /* ignore_command.cpp */; };
		96E5A2B8179C5EBA005C6182 /* quit_command.cpp in Sources */ = {isa = PBXBuildFile; fileRef = 96E5A2B6179C5EBA005C6182 /* quit_command.cpp */; };
		96E5A4BB179CB50D005C6182 /* phasers_command.cpp in Sources */ = {isa = PBXBuildFile; fileRef = 96E5A4B9179CB50D005C6182 /* phasers_command.cpp */; };
		96E5A4BF179CBC1D005C6182 /* phasers_mode.cpp in Sources */ = {isa = PBXBuildFile; fileRef = 96F694921453A0E8009561EC /* phasers_mode.cpp */; };
		96E5A4C0179CBC41005C6182 /* manual_phasers.cpp in Sources */ = {isa = PBXBuildFile; fileRef = 96F694991453A98C009561EC /* manual_phasers.cpp */; };
		96E5A4D8179D6F64005C6182 /* manual_phaser_units.cpp in Sources */ = {isa = PBXBuildFile; fileRef = 96F6956D1454DA3B009561EC /* manual_phaser_units.cpp */; };
		96E5A5EC179D7327005C6182 /* automatic_phasers.cpp in Sources */ = {isa = PBXBuildFile; fileRef = 96F6949C1453B08D009561EC /* automatic_phasers.cpp */; };
		96E5A5F0179D7A0D005C6182 /* automatic_phaser_units.cpp in Sources */ = {isa = PBXBuildFile; fileRef = 96F694A21453BAEC009561EC /* automatic_phaser_units.cpp */; };
		96E5A663179DB394005C6182 /* photons_command.cpp in Sources */ = {isa = PBXBuildFile; fileRef = 96E5A661179DB394005C6182 /* photons_command.cpp */; };
		96E5A6C8179DCA34005C6182 /* number_of_photons.cpp in Sources */ = {isa = PBXBuildFile; fileRef = 96E5A6C4179DCA34005C6182 /* number_of_photons.cpp */; };
		96E5A6C9179DCA34005C6182 /* photon_target_sector.cpp in Sources */ = {isa = PBXBuildFile; fileRef = 96E5A6C6179DCA34005C6182 /* photon_target_sector.cpp */; };
		96F693E1145337BD009561EC /* command_input_utilities.cpp in Sources */ = {isa = PBXBuildFile; fileRef = 96F693E0145337BD009561EC /* command_input_utilities.cpp */; };
/* End PBXBuildFile section */

/* Begin PBXCopyFilesBuildPhase section */
		8DD76F690486A84900D96B5E /* CopyFiles */ = {
			isa = PBXCopyFilesBuildPhase;
			buildActionMask = 8;
			dstPath = /usr/share/man/man1/;
			dstSubfolderSpec = 0;
			files = (
			);
			runOnlyForDeploymentPostprocessing = 1;
		};
/* End PBXCopyFilesBuildPhase section */

/* Begin PBXFileReference section */
		08FB7796FE84155DC02AAC07 /* main.cpp */ = {isa = PBXFileReference; fileEncoding = 4; lastKnownFileType = sourcecode.cpp.cpp; path = main.cpp; sourceTree = "<group>"; };
		8DD76F6C0486A84900D96B5E /* TestCommandState */ = {isa = PBXFileReference; explicitFileType = "compiled.mach-o.executable"; includeInIndex = 0; path = TestCommandState; sourceTree = BUILT_PRODUCTS_DIR; };
		968C9DB3110272F90013A651 /* MainPage.txt */ = {isa = PBXFileReference; fileEncoding = 4; lastKnownFileType = text; path = MainPage.txt; sourceTree = "<group>"; };
		96E5A230179B3EDA005C6182 /* command_state_factory.cpp */ = {isa = PBXFileReference; fileEncoding = 4; lastKnownFileType = sourcecode.cpp.cpp; path = command_state_factory.cpp; sourceTree = "<group>"; };
		96E5A231179B3EDA005C6182 /* command_state_factory.hpp */ = {isa = PBXFileReference; fileEncoding = 4; lastKnownFileType = sourcecode.cpp.h; path = command_state_factory.hpp; sourceTree = "<group>"; };
		96E5A26F179B470D005C6182 /* command_data.hpp */ = {isa = PBXFileReference; fileEncoding = 4; lastKnownFileType = sourcecode.cpp.h; path = command_data.hpp; sourceTree = "<group>"; };
		96E5A270179B470D005C6182 /* command_input_event.hpp */ = {isa = PBXFileReference; fileEncoding = 4; lastKnownFileType = sourcecode.cpp.h; path = command_input_event.hpp; sourceTree = "<group>"; };
		96E5A271179B470D005C6182 /* command_input_handler.cpp */ = {isa = PBXFileReference; fileEncoding = 4; lastKnownFileType = sourcecode.cpp.cpp; path = command_input_handler.cpp; sourceTree = "<group>"; };
		96E5A272179B470D005C6182 /* command_input_handler.hpp */ = {isa = PBXFileReference; fileEncoding = 4; lastKnownFileType = sourcecode.cpp.h; path = command_input_handler.hpp; sourceTree = "<group>"; };
		96E5A274179B482B005C6182 /* command_inputs.hpp */ = {isa = PBXFileReference; fileEncoding = 4; lastKnownFileType = sourcecode.cpp.h; path = command_inputs.hpp; sourceTree = "<group>"; };
		96E5A277179B4C83005C6182 /* command_state.cpp */ = {isa = PBXFileReference; fileEncoding = 4; lastKnownFileType = sourcecode.cpp.cpp; path = command_state.cpp; sourceTree = "<group>"; };
		96E5A278179B4C83005C6182 /* command_state.hpp */ = {isa = PBXFileReference; fileEncoding = 4; lastKnownFileType = sourcecode.cpp.h; path = command_state.hpp; sourceTree = "<group>"; };
		96E5A27E179C312E005C6182 /* global_state.cpp */ = {isa = PBXFileReference; fileEncoding = 4; lastKnownFileType = sourcecode.cpp.cpp; path = global_state.cpp; sourceTree = "<group>"; };
		96E5A27F179C312E005C6182 /* global_state.hpp */ = {isa = PBXFileReference; fileEncoding = 4; lastKnownFileType = sourcecode.cpp.h; path = global_state.hpp; sourceTree = "<group>"; };
		96E5A28F179C410F005C6182 /* get_command.cpp */ = {isa = PBXFileReference; fileEncoding = 4; lastKnownFileType = sourcecode.cpp.cpp; path = get_command.cpp; sourceTree = "<group>"; };
		96E5A290179C410F005C6182 /* get_command.hpp */ = {isa = PBXFileReference; fileEncoding = 4; lastKnownFileType = sourcecode.cpp.h; path = get_command.hpp; sourceTree = "<group>"; };
		96E5A2A6179C4E09005C6182 /* command_error.cpp */ = {isa = PBXFileReference; fileEncoding = 4; lastKnownFileType = sourcecode.cpp.cpp; path = command_error.cpp; sourceTree = "<group>"; };
		96E5A2A7179C4E09005C6182 /* command_error.hpp */ = {isa = PBXFileReference; fileEncoding = 4; lastKnownFileType = sourcecode.cpp.h; path = command_error.hpp; sourceTree = "<group>"; };
		96E5A2B2179C5C26005C6182 /* ignore_command.cpp */ = {isa = PBXFileReference; fileEncoding = 4; lastKnownFileType = sourcecode.cpp.cpp; path = ignore_command.cpp; sourceTree = "<group>"; };
		96E5A2B3179C5C26005C6182 /* ignore_command.hpp */ = {isa = PBXFileReference; fileEncoding = 4; lastKnownFileType = sourcecode.cpp.h; path = ignore_command.hpp; sourceTree = "<group>"; };
		96E5A2B6179C5EBA005C6182 /* quit_command.cpp */ = {isa = PBXFileReference; fileEncoding = 4; lastKnownFileType = sourcecode.cpp.cpp; path = quit_command.cpp; sourceTree = "<group>"; };
		96E5A2B7179C5EBA005C6182 /* quit_command.hpp */ = {isa = PBXFileReference; fileEncoding = 4; lastKnownFileType = sourcecode.cpp.h; path = quit_command.hpp; sourceTree = "<group>"; };
		96E5A4B9179CB50D005C6182 /* phasers_command.cpp */ = {isa = PBXFileReference; fileEncoding = 4; lastKnownFileType = sourcecode.cpp.cpp; path = phasers_command.cpp; sourceTree = "<group>"; };
		96E5A4BA179CB50D005C6182 /* phasers_command.hpp */ = {isa = PBXFileReference; fileEncoding = 4; lastKnownFileType = sourcecode.cpp.h; path = phasers_command.hpp; sourceTree = "<group>"; };
		96E5A661179DB394005C6182 /* photons_command.cpp */ = {isa = PBXFileReference; fileEncoding = 4; lastKnownFileType = sourcecode.cpp.cpp; path = photons_command.cpp; sourceTree = "<group>"; };
		96E5A662179DB394005C6182 /* photons_command.hpp */ = {isa = PBXFileReference; fileEncoding = 4; lastKnownFileType = sourcecode.cpp.h; path = photons_command.hpp; sourceTree = "<group>"; };
		96E5A6C4179DCA34005C6182 /* number_of_photons.cpp */ = {isa = PBXFileReference; fileEncoding = 4; lastKnownFileType = sourcecode.cpp.cpp; path = number_of_photons.cpp; sourceTree = "<group>"; };
		96E5A6C5179DCA34005C6182 /* number_of_photons.hpp */ = {isa = PBXFileReference; fileEncoding = 4; lastKnownFileType = sourcecode.cpp.h; path = number_of_photons.hpp; sourceTree = "<group>"; };
		96E5A6C6179DCA34005C6182 /* photon_target_sector.cpp */ = {isa = PBXFileReference; fileEncoding = 4; lastKnownFileType = sourcecode.cpp.cpp; path = photon_target_sector.cpp; sourceTree = "<group>"; };
		96E5A6C7179DCA34005C6182 /* photon_target_sector.hpp */ = {isa = PBXFileReference; fileEncoding = 4; lastKnownFileType = sourcecode.cpp.h; path = photon_target_sector.hpp; sourceTree = "<group>"; };
		96F693DF145337BD009561EC /* command_input_utilities.hpp */ = {isa = PBXFileReference; fileEncoding = 4; lastKnownFileType = sourcecode.cpp.h; path = command_input_utilities.hpp; sourceTree = "<group>"; };
		96F693E0145337BD009561EC /* command_input_utilities.cpp */ = {isa = PBXFileReference; fileEncoding = 4; lastKnownFileType = sourcecode.cpp.cpp; path = command_input_utilities.cpp; sourceTree = "<group>"; };
		96F694911453A0E8009561EC /* phasers_mode.hpp */ = {isa = PBXFileReference; fileEncoding = 4; lastKnownFileType = sourcecode.cpp.h; path = phasers_mode.hpp; sourceTree = "<group>"; };
		96F694921453A0E8009561EC /* phasers_mode.cpp */ = {isa = PBXFileReference; fileEncoding = 4; lastKnownFileType = sourcecode.cpp.cpp; path = phasers_mode.cpp; sourceTree = "<group>"; };
		96F694981453A98C009561EC /* manual_phasers.hpp */ = {isa = PBXFileReference; fileEncoding = 4; lastKnownFileType = sourcecode.cpp.h; path = manual_phasers.hpp; sourceTree = "<group>"; };
		96F694991453A98C009561EC /* manual_phasers.cpp */ = {isa = PBXFileReference; fileEncoding = 4; lastKnownFileType = sourcecode.cpp.cpp; path = manual_phasers.cpp; sourceTree = "<group>"; };
		96F6949B1453B08D009561EC /* automatic_phasers.hpp */ = {isa = PBXFileReference; fileEncoding = 4; lastKnownFileType = sourcecode.cpp.h; path = automatic_phasers.hpp; sourceTree = "<group>"; };
		96F6949C1453B08D009561EC /* automatic_phasers.cpp */ = {isa = PBXFileReference; fileEncoding = 4; lastKnownFileType = sourcecode.cpp.cpp; path = automatic_phasers.cpp; sourceTree = "<group>"; };
		96F694A11453BAEC009561EC /* automatic_phaser_units.hpp */ = {isa = PBXFileReference; fileEncoding = 4; lastKnownFileType = sourcecode.cpp.h; path = automatic_phaser_units.hpp; sourceTree = "<group>"; };
		96F694A21453BAEC009561EC /* automatic_phaser_units.cpp */ = {isa = PBXFileReference; fileEncoding = 4; lastKnownFileType = sourcecode.cpp.cpp; path = automatic_phaser_units.cpp; sourceTree = "<group>"; };
		96F6956C1454DA3B009561EC /* manual_phaser_units.hpp */ = {isa = PBXFileReference; fileEncoding = 4; lastKnownFileType = sourcecode.cpp.h; path = manual_phaser_units.hpp; sourceTree = "<group>"; };
		96F6956D1454DA3B009561EC /* manual_phaser_units.cpp */ = {isa = PBXFileReference; fileEncoding = 4; lastKnownFileType = sourcecode.cpp.cpp; path = manual_phaser_units.cpp; sourceTree = "<group>"; };
		96F6957914560F9B009561EC /* target_location.hpp */ = {isa = PBXFileReference; fileEncoding = 4; lastKnownFileType = sourcecode.cpp.h; path = target_location.hpp; sourceTree = "<group>"; };
/* End PBXFileReference section */

/* Begin PBXFrameworksBuildPhase section */
		8DD76F660486A84900D96B5E /* Frameworks */ = {
			isa = PBXFrameworksBuildPhase;
			buildActionMask = 2147483647;
			files = (
			);
			runOnlyForDeploymentPostprocessing = 0;
		};
/* End PBXFrameworksBuildPhase section */

/* Begin PBXGroup section */
		08FB7794FE84155DC02AAC07 /* TestCommandState */ = {
			isa = PBXGroup;
			children = (
				968C9F2C1127A8550013A651 /* Frameworks and External Libraries */,
				08FB7795FE84155DC02AAC07 /* Source */,
				C6859E8C029090F304C91782 /* Documentation */,
				1AB674ADFE9D54B511CA2CBB /* Products */,
			);
			name = TestCommandState;
			sourceTree = "<group>";
		};
		08FB7795FE84155DC02AAC07 /* Source */ = {
			isa = PBXGroup;
			children = (
				96E5A27E179C312E005C6182 /* global_state.cpp */,
				96E5A27F179C312E005C6182 /* global_state.hpp */,
				96E5A277179B4C83005C6182 /* command_state.cpp */,
				96E5A278179B4C83005C6182 /* command_state.hpp */,
				96E5A274179B482B005C6182 /* command_inputs.hpp */,
				96E5A26F179B470D005C6182 /* command_data.hpp */,
				96E5A270179B470D005C6182 /* command_input_event.hpp */,
				96E5A271179B470D005C6182 /* command_input_handler.cpp */,
				96E5A272179B470D005C6182 /* command_input_handler.hpp */,
				96E5A230179B3EDA005C6182 /* command_state_factory.cpp */,
				96E5A231179B3EDA005C6182 /* command_state_factory.hpp */,
				968CA1CD11298AA60013A651 /* command_input_state */,
				08FB7796FE84155DC02AAC07 /* main.cpp */,
				96F693DF145337BD009561EC /* command_input_utilities.hpp */,
				96F693E0145337BD009561EC /* command_input_utilities.cpp */,
				96F6957914560F9B009561EC /* target_location.hpp */,
			);
			name = Source;
			sourceTree = "<group>";
		};
		1AB674ADFE9D54B511CA2CBB /* Products */ = {
			isa = PBXGroup;
			children = (
				8DD76F6C0486A84900D96B5E /* TestCommandState */,
			);
			name = Products;
			sourceTree = "<group>";
		};
		968C9F2C1127A8550013A651 /* Frameworks and External Libraries */ = {
			isa = PBXGroup;
			children = (
			);
			name = "Frameworks and External Libraries";
			sourceTree = "<group>";
		};
		968CA1CD11298AA60013A651 /* command_input_state */ = {
			isa = PBXGroup;
			children = (
				96E5A6C4179DCA34005C6182 /* number_of_photons.cpp */,
				96E5A6C5179DCA34005C6182 /* number_of_photons.hpp */,
				96E5A6C6179DCA34005C6182 /* photon_target_sector.cpp */,
				96E5A6C7179DCA34005C6182 /* photon_target_sector.hpp */,
				96E5A661179DB394005C6182 /* photons_command.cpp */,
				96E5A662179DB394005C6182 /* photons_command.hpp */,
				96E5A4B9179CB50D005C6182 /* phasers_command.cpp */,
				96E5A4BA179CB50D005C6182 /* phasers_command.hpp */,
				96E5A2B6179C5EBA005C6182 /* quit_command.cpp */,
				96E5A2B7179C5EBA005C6182 /* quit_command.hpp */,
				96E5A2B2179C5C26005C6182 /* ignore_command.cpp */,
				96E5A2B3179C5C26005C6182 /* ignore_command.hpp */,
				96E5A2A6179C4E09005C6182 /* command_error.cpp */,
				96E5A2A7179C4E09005C6182 /* command_error.hpp */,
				96E5A28F179C410F005C6182 /* get_command.cpp */,
				96E5A290179C410F005C6182 /* get_command.hpp */,
				96F694911453A0E8009561EC /* phasers_mode.hpp */,
				96F694921453A0E8009561EC /* phasers_mode.cpp */,
				96F694981453A98C009561EC /* manual_phasers.hpp */,
				96F694991453A98C009561EC /* manual_phasers.cpp */,
				96F6949B1453B08D009561EC /* automatic_phasers.hpp */,
				96F6949C1453B08D009561EC /* automatic_phasers.cpp */,
				96F694A11453BAEC009561EC /* automatic_phaser_units.hpp */,
				96F694A21453BAEC009561EC /* automatic_phaser_units.cpp */,
				96F6956C1454DA3B009561EC /* manual_phaser_units.hpp */,
				96F6956D1454DA3B009561EC /* manual_phaser_units.cpp */,
			);
			name = command_input_state;
			sourceTree = "<group>";
		};
		C6859E8C029090F304C91782 /* Documentation */ = {
			isa = PBXGroup;
			children = (
				968C9DB3110272F90013A651 /* MainPage.txt */,
			);
			name = Documentation;
			sourceTree = "<group>";
		};
/* End PBXGroup section */

/* Begin PBXNativeTarget section */
		8DD76F620486A84900D96B5E /* TestCommandState */ = {
			isa = PBXNativeTarget;
			buildConfigurationList = 1DEB923108733DC60010E9CD /* Build configuration list for PBXNativeTarget "TestCommandState" */;
			buildPhases = (
				8DD76F640486A84900D96B5E /* Sources */,
				8DD76F660486A84900D96B5E /* Frameworks */,
				8DD76F690486A84900D96B5E /* CopyFiles */,
			);
			buildRules = (
			);
			dependencies = (
			);
			name = TestCommandState;
			productInstallPath = "$(HOME)/bin";
			productName = TestCommandState;
			productReference = 8DD76F6C0486A84900D96B5E /* TestCommandState */;
			productType = "com.apple.product-type.tool";
		};
/* End PBXNativeTarget section */

/* Begin PBXProject section */
		08FB7793FE84155DC02AAC07 /* Project object */ = {
			isa = PBXProject;
			buildConfigurationList = 1DEB923508733DC60010E9CD /* Build configuration list for PBXProject "TestCommandState" */;
			compatibilityVersion = "Xcode 3.1";
			hasScannedForEncodings = 1;
			mainGroup = 08FB7794FE84155DC02AAC07 /* TestCommandState */;
			projectDirPath = "";
			projectRoot = "";
			targets = (
				8DD76F620486A84900D96B5E /* TestCommandState */,
			);
		};
/* End PBXProject section */

/* Begin PBXSourcesBuildPhase section */
		8DD76F640486A84900D96B5E /* Sources */ = {
			isa = PBXSourcesBuildPhase;
			buildActionMask = 2147483647;
			files = (
				8DD76F650486A84900D96B5E /* main.cpp in Sources */,
				96F693E1145337BD009561EC /* command_input_utilities.cpp in Sources */,
				96E5A232179B3EDA005C6182 /* command_state_factory.cpp in Sources */,
				96E5A273179B470D005C6182 /* command_input_handler.cpp in Sources */,
				96E5A279179B4C83005C6182 /* command_state.cpp in Sources */,
				96E5A280179C312E005C6182 /* global_state.cpp in Sources */,
				96E5A291179C410F005C6182 /* get_command.cpp in Sources */,
				96E5A2A8179C4E09005C6182 /* command_error.cpp in Sources */,
				96E5A2B4179C5C26005C6182 /* ignore_command.cpp in Sources */,
				96E5A2B8179C5EBA005C6182 /* quit_command.cpp in Sources */,
				96E5A4BB179CB50D005C6182 /* phasers_command.cpp in Sources */,
				96E5A4BF179CBC1D005C6182 /* phasers_mode.cpp in Sources */,
				96E5A4C0179CBC41005C6182 /* manual_phasers.cpp in Sources */,
				96E5A4D8179D6F64005C6182 /* manual_phaser_units.cpp in Sources */,
				96E5A5EC179D7327005C6182 /* automatic_phasers.cpp in Sources */,
				96E5A5F0179D7A0D005C6182 /* automatic_phaser_units.cpp in Sources */,
				96E5A663179DB394005C6182 /* photons_command.cpp in Sources */,
				96E5A6C8179DCA34005C6182 /* number_of_photons.cpp in Sources */,
				96E5A6C9179DCA34005C6182 /* photon_target_sector.cpp in Sources */,
			);
			runOnlyForDeploymentPostprocessing = 0;
		};
/* End PBXSourcesBuildPhase section */

/* Begin XCBuildConfiguration section */
		1DEB923208733DC60010E9CD /* Debug */ = {
			isa = XCBuildConfiguration;
			buildSettings = {
				ALWAYS_SEARCH_USER_PATHS = NO;
				COPY_PHASE_STRIP = NO;
				GCC_DYNAMIC_NO_PIC = NO;
				GCC_ENABLE_FIX_AND_CONTINUE = YES;
				GCC_MODEL_TUNING = G5;
				GCC_OPTIMIZATION_LEVEL = 0;
				GCC_PREPROCESSOR_DEFINITIONS = (
					"_GLIBCXX_DEBUG=1",
					"_GLIBCXX_DEBUG_PEDANTIC=1",
				);
				INSTALL_PATH = /usr/local/bin;
				LIBRARY_SEARCH_PATHS = (
					"$(inherited)",
					"\"$(SRCROOT)/../../../../../Shared/Tools/boost_1_37_0/bin.v2/libs/thread/build/darwin-4.0.1/release/architecture-x86/link-static/threading-multi\"",
					"\"$(SRCROOT)/../../../../Shared/Tools/boost_1_37_0/bin.v2/libs/thread/build/darwin-4.0.1/release/link-static/threading-multi\"",
					"\"$(SRCROOT)/../../../../../Shared/Tools/boost_1_42_0/stage/lib\"",
				);
				PRODUCT_NAME = TestCommandState;
			};
			name = Debug;
		};
		1DEB923308733DC60010E9CD /* Release */ = {
			isa = XCBuildConfiguration;
			buildSettings = {
				ALWAYS_SEARCH_USER_PATHS = NO;
				DEBUG_INFORMATION_FORMAT = "dwarf-with-dsym";
				GCC_MODEL_TUNING = G5;
				INSTALL_PATH = /usr/local/bin;
				LIBRARY_SEARCH_PATHS = (
					"$(inherited)",
					"\"$(SRCROOT)/../../../../../Shared/Tools/boost_1_37_0/bin.v2/libs/thread/build/darwin-4.0.1/release/link-static/threading-multi\"",
					"\"$(SRCROOT)/../../../../../Shared/Tools/boost_1_37_0/bin.v2/libs/thread/build/darwin-4.0.1/release/threading-multi\"",
					"\"$(SRCROOT)/../../../../../Shared/Tools/boost_1_37_0/bin.v2/libs/thread/build/darwin-4.0.1/release/architecture-x86/link-static/threading-multi\"",
					"\"$(SRCROOT)/../../../../Shared/Tools/boost_1_37_0/bin.v2/libs/thread/build/darwin-4.0.1/release/link-static/threading-multi\"",
					"\"$(SRCROOT)/../../../../../Shared/Tools/boost_1_42_0/stage/lib\"",
				);
				PRODUCT_NAME = TestCommandState;
			};
			name = Release;
		};
		1DEB923608733DC60010E9CD /* Debug */ = {
			isa = XCBuildConfiguration;
			buildSettings = {
				ARCHS = "$(ARCHS_STANDARD_32_BIT)";
				GCC_C_LANGUAGE_STANDARD = c99;
				GCC_OPTIMIZATION_LEVEL = 0;
				GCC_WARN_ABOUT_RETURN_TYPE = YES;
				GCC_WARN_UNUSED_VARIABLE = YES;
				HEADER_SEARCH_PATHS = (
					/Users/Shared/Prism/Projects,
					/Users/Shared/Tools/boost_1_42_0/boost/tr1/tr1,
					/Users/Shared/Tools/boost_1_42_0,
				);
				ONLY_ACTIVE_ARCH = YES;
				PREBINDING = NO;
				SDKROOT = macosx10.5;
			};
			name = Debug;
		};
		1DEB923708733DC60010E9CD /* Release */ = {
			isa = XCBuildConfiguration;
			buildSettings = {
				ARCHS = "$(ARCHS_STANDARD_32_BIT)";
				GCC_C_LANGUAGE_STANDARD = c99;
				GCC_WARN_ABOUT_RETURN_TYPE = YES;
				GCC_WARN_UNUSED_VARIABLE = YES;
				HEADER_SEARCH_PATHS = (
					/Users/Shared/Prism/Projects,
					/Users/Shared/Tools/boost_1_42_0/boost/tr1/tr1,
					/Users/Shared/Tools/boost_1_42_0,
				);
				ONLY_ACTIVE_ARCH = YES;
				PREBINDING = NO;
				SDKROOT = macosx10.5;
			};
			name = Release;
		};
/* End XCBuildConfiguration section */

/* Begin XCConfigurationList section */
		1DEB923108733DC60010E9CD /* Build configuration list for PBXNativeTarget "TestCommandState" */ = {
			isa = XCConfigurationList;
			buildConfigurations = (
				1DEB923208733DC60010E9CD /* Debug */,
				1DEB923308733DC60010E9CD /* Release */,
			);
			defaultConfigurationIsVisible = 0;
			defaultConfigurationName = Release;
		};
		1DEB923508733DC60010E9CD /* Build configuration list for PBXProject "TestCommandState" */ = {
			isa = XCConfigurationList;
			buildConfigurations = (
				1DEB923608733DC60010E9CD /* Debug */,
				1DEB923708733DC60010E9CD /* Release */,
			);
			defaultConfigurationIsVisible = 0;
			defaultConfigurationName = Release;
		};
/* End XCConfigurationList section */
	};
	rootObject = 08FB7793FE84155DC02AAC07 /* Project object */;
}
