// !$*UTF8*$!
{
	archiveVersion = 1;
	classes = {
	};
	objectVersion = 45;
	objects = {

/* Begin PBXBuildFile section */
		960AD4A31B2E067A0046C899 /* iTrek_0 in CopyFiles */ = {isa = PBXBuildFile; fileRef = 8DD76F6C0486A84900D96B5E /* iTrek_0 */; };
		96902BB40EBC963A001AA3AD /* ai.cpp in Sources */ = {isa = PBXBuildFile; fileRef = 96902BA90EBC963A001AA3AD /* ai.cpp */; };
		96902BB50EBC963A001AA3AD /* battle.cpp in Sources */ = {isa = PBXBuildFile; fileRef = 96902BAA0EBC963A001AA3AD /* battle.cpp */; };
		96902BB60EBC963A001AA3AD /* events.cpp in Sources */ = {isa = PBXBuildFile; fileRef = 96902BAB0EBC963A001AA3AD /* events.cpp */; };
		96902BB70EBC963A001AA3AD /* finish.cpp in Sources */ = {isa = PBXBuildFile; fileRef = 96902BAC0EBC963A001AA3AD /* finish.cpp */; };
		96902BB80EBC963A001AA3AD /* moving.cpp in Sources */ = {isa = PBXBuildFile; fileRef = 96902BAD0EBC963A001AA3AD /* moving.cpp */; };
		96902BB90EBC963A001AA3AD /* osx.cpp in Sources */ = {isa = PBXBuildFile; fileRef = 96902BAE0EBC963A001AA3AD /* osx.cpp */; };
		96902BBA0EBC963A001AA3AD /* planets.cpp in Sources */ = {isa = PBXBuildFile; fileRef = 96902BAF0EBC963A001AA3AD /* planets.cpp */; };
		96902BBB0EBC963A001AA3AD /* reports.cpp in Sources */ = {isa = PBXBuildFile; fileRef = 96902BB00EBC963A001AA3AD /* reports.cpp */; };
		96902BBC0EBC963A001AA3AD /* setup.cpp in Sources */ = {isa = PBXBuildFile; fileRef = 96902BB10EBC963A001AA3AD /* setup.cpp */; };
		96902BBD0EBC963A001AA3AD /* sst.cpp in Sources */ = {isa = PBXBuildFile; fileRef = 96902BB20EBC963A001AA3AD /* sst.cpp */; };
/* End PBXBuildFile section */

/* Begin PBXCopyFilesBuildPhase section */
		8DD76F690486A84900D96B5E /* CopyFiles */ = {
			isa = PBXCopyFilesBuildPhase;
			buildActionMask = 12;
			dstPath = /Users/aichao/Home/Games/sst/iTrek/build/Release;
			dstSubfolderSpec = 0;
			files = (
				960AD4A31B2E067A0046C899 /* iTrek_0 in CopyFiles */,
			);
			runOnlyForDeploymentPostprocessing = 0;
		};
/* End PBXCopyFilesBuildPhase section */

/* Begin PBXFileReference section */
		8DD76F6C0486A84900D96B5E /* iTrek_0 */ = {isa = PBXFileReference; explicitFileType = "compiled.mach-o.executable"; includeInIndex = 0; path = iTrek_0; sourceTree = BUILT_PRODUCTS_DIR; };
		96902BA90EBC963A001AA3AD /* ai.cpp */ = {isa = PBXFileReference; fileEncoding = 4; lastKnownFileType = sourcecode.cpp.cpp; path = ai.cpp; sourceTree = "<group>"; };
		96902BAA0EBC963A001AA3AD /* battle.cpp */ = {isa = PBXFileReference; fileEncoding = 4; lastKnownFileType = sourcecode.cpp.cpp; path = battle.cpp; sourceTree = "<group>"; };
		96902BAB0EBC963A001AA3AD /* events.cpp */ = {isa = PBXFileReference; fileEncoding = 4; lastKnownFileType = sourcecode.cpp.cpp; path = events.cpp; sourceTree = "<group>"; };
		96902BAC0EBC963A001AA3AD /* finish.cpp */ = {isa = PBXFileReference; fileEncoding = 4; lastKnownFileType = sourcecode.cpp.cpp; path = finish.cpp; sourceTree = "<group>"; };
		96902BAD0EBC963A001AA3AD /* moving.cpp */ = {isa = PBXFileReference; fileEncoding = 4; lastKnownFileType = sourcecode.cpp.cpp; path = moving.cpp; sourceTree = "<group>"; };
		96902BAE0EBC963A001AA3AD /* osx.cpp */ = {isa = PBXFileReference; fileEncoding = 4; lastKnownFileType = sourcecode.cpp.cpp; path = osx.cpp; sourceTree = "<group>"; };
		96902BAF0EBC963A001AA3AD /* planets.cpp */ = {isa = PBXFileReference; fileEncoding = 4; lastKnownFileType = sourcecode.cpp.cpp; path = planets.cpp; sourceTree = "<group>"; };
		96902BB00EBC963A001AA3AD /* reports.cpp */ = {isa = PBXFileReference; fileEncoding = 4; lastKnownFileType = sourcecode.cpp.cpp; path = reports.cpp; sourceTree = "<group>"; };
		96902BB10EBC963A001AA3AD /* setup.cpp */ = {isa = PBXFileReference; fileEncoding = 4; lastKnownFileType = sourcecode.cpp.cpp; path = setup.cpp; sourceTree = "<group>"; };
		96902BB20EBC963A001AA3AD /* sst.cpp */ = {isa = PBXFileReference; fileEncoding = 4; lastKnownFileType = sourcecode.cpp.cpp; path = sst.cpp; sourceTree = "<group>"; };
		96902BB30EBC963A001AA3AD /* sst.h */ = {isa = PBXFileReference; fileEncoding = 4; lastKnownFileType = sourcecode.c.h; path = sst.h; sourceTree = "<group>"; };
		96A5331210E1627300577602 /* Todo */ = {isa = PBXFileReference; fileEncoding = 4; lastKnownFileType = text; path = Todo; sourceTree = "<group>"; };
		96EEFB661B349C330051781B /* osx.h */ = {isa = PBXFileReference; lastKnownFileType = sourcecode.c.h; path = osx.h; sourceTree = "<group>"; };
/* End PBXFileReference section */

/* Begin PBXFrameworksBuildPhase section */
		8DD76F660486A84900D96B5E /* Frameworks */ = {
			isa = PBXFrameworksBuildPhase;
			buildActionMask = 2147483647;
			files = (
			);
			runOnlyForDeploymentPostprocessing = 0;
		};
/* End PBXFrameworksBuildPhase section */

/* Begin PBXGroup section */
		08FB7794FE84155DC02AAC07 /* iTrek_0 */ = {
			isa = PBXGroup;
			children = (
				08FB7795FE84155DC02AAC07 /* Source */,
				C6859E8C029090F304C91782 /* Documentation */,
				1AB674ADFE9D54B511CA2CBB /* Products */,
			);
			name = iTrek_0;
			sourceTree = "<group>";
		};
		08FB7795FE84155DC02AAC07 /* Source */ = {
			isa = PBXGroup;
			children = (
				96902BA90EBC963A001AA3AD /* ai.cpp */,
				96902BAA0EBC963A001AA3AD /* battle.cpp */,
				96902BAB0EBC963A001AA3AD /* events.cpp */,
				96902BAC0EBC963A001AA3AD /* finish.cpp */,
				96902BAD0EBC963A001AA3AD /* moving.cpp */,
				96902BAE0EBC963A001AA3AD /* osx.cpp */,
				96902BAF0EBC963A001AA3AD /* planets.cpp */,
				96902BB00EBC963A001AA3AD /* reports.cpp */,
				96902BB10EBC963A001AA3AD /* setup.cpp */,
				96902BB20EBC963A001AA3AD /* sst.cpp */,
				96902BB30EBC963A001AA3AD /* sst.h */,
				96EEFB661B349C330051781B /* osx.h */,
			);
			name = Source;
			sourceTree = "<group>";
		};
		1AB674ADFE9D54B511CA2CBB /* Products */ = {
			isa = PBXGroup;
			children = (
				8DD76F6C0486A84900D96B5E /* iTrek_0 */,
			);
			name = Products;
			sourceTree = "<group>";
		};
		C6859E8C029090F304C91782 /* Documentation */ = {
			isa = PBXGroup;
			children = (
				96A5331210E1627300577602 /* Todo */,
			);
			name = Documentation;
			sourceTree = "<group>";
		};
/* End PBXGroup section */

/* Begin PBXNativeTarget section */
		8DD76F620486A84900D96B5E /* iTrek_0 */ = {
			isa = PBXNativeTarget;
			buildConfigurationList = 1DEB923108733DC60010E9CD /* Build configuration list for PBXNativeTarget "iTrek_0" */;
			buildPhases = (
				8DD76F640486A84900D96B5E /* Sources */,
				8DD76F660486A84900D96B5E /* Frameworks */,
				8DD76F690486A84900D96B5E /* CopyFiles */,
			);
			buildRules = (
			);
			dependencies = (
			);
			name = iTrek_0;
			productInstallPath = "$(HOME)/bin";
			productName = iTrek_0;
			productReference = 8DD76F6C0486A84900D96B5E /* iTrek_0 */;
			productType = "com.apple.product-type.tool";
		};
/* End PBXNativeTarget section */

/* Begin PBXProject section */
		08FB7793FE84155DC02AAC07 /* Project object */ = {
			isa = PBXProject;
			buildConfigurationList = 1DEB923508733DC60010E9CD /* Build configuration list for PBXProject "iTrek_0" */;
			compatibilityVersion = "Xcode 3.1";
			developmentRegion = English;
			hasScannedForEncodings = 1;
			knownRegions = (
				en,
			);
			mainGroup = 08FB7794FE84155DC02AAC07 /* iTrek_0 */;
			projectDirPath = "";
			projectRoot = "";
			targets = (
				8DD76F620486A84900D96B5E /* iTrek_0 */,
			);
		};
/* End PBXProject section */

/* Begin PBXSourcesBuildPhase section */
		8DD76F640486A84900D96B5E /* Sources */ = {
			isa = PBXSourcesBuildPhase;
			buildActionMask = 2147483647;
			files = (
				96902BB40EBC963A001AA3AD /* ai.cpp in Sources */,
				96902BB50EBC963A001AA3AD /* battle.cpp in Sources */,
				96902BB60EBC963A001AA3AD /* events.cpp in Sources */,
				96902BB70EBC963A001AA3AD /* finish.cpp in Sources */,
				96902BB80EBC963A001AA3AD /* moving.cpp in Sources */,
				96902BB90EBC963A001AA3AD /* osx.cpp in Sources */,
				96902BBA0EBC963A001AA3AD /* planets.cpp in Sources */,
				96902BBB0EBC963A001AA3AD /* reports.cpp in Sources */,
				96902BBC0EBC963A001AA3AD /* setup.cpp in Sources */,
				96902BBD0EBC963A001AA3AD /* sst.cpp in Sources */,
			);
			runOnlyForDeploymentPostprocessing = 0;
		};
/* End PBXSourcesBuildPhase section */

/* Begin XCBuildConfiguration section */
		1DEB923208733DC60010E9CD /* Debug */ = {
			isa = XCBuildConfiguration;
			buildSettings = {
				ALWAYS_SEARCH_USER_PATHS = NO;
				ARCHS = "$(ARCHS_STANDARD_64_BIT)";
				CLANG_CXX_LANGUAGE_STANDARD = "gnu++0x";
				CLANG_CXX_LIBRARY = "libc++";
				COPY_PHASE_STRIP = NO;
				GCC_DYNAMIC_NO_PIC = NO;
				GCC_ENABLE_FIX_AND_CONTINUE = YES;
				GCC_MODEL_TUNING = G5;
				GCC_OPTIMIZATION_LEVEL = 0;
				GCC_PREPROCESSOR_DEFINITIONS = (
					"_GLIBCXX_DEBUG=1",
					"_GLIBCXX_DEBUG_PEDANTIC=1",
				);
				INSTALL_PATH = /usr/local/bin;
				PRODUCT_NAME = iTrek_0;
				SDKROOT = macosx;
			};
			name = Debug;
		};
		1DEB923308733DC60010E9CD /* Release */ = {
			isa = XCBuildConfiguration;
			buildSettings = {
				ALWAYS_SEARCH_USER_PATHS = NO;
				ARCHS = "$(ARCHS_STANDARD_64_BIT)";
				CLANG_CXX_LANGUAGE_STANDARD = "gnu++0x";
				CLANG_CXX_LIBRARY = "libc++";
				DEBUG_INFORMATION_FORMAT = "dwarf-with-dsym";
				GCC_MODEL_TUNING = G5;
				INSTALL_PATH = /usr/local/bin;
				PRODUCT_NAME = iTrek_0;
				SDKROOT = macosx;
			};
			name = Release;
		};
		1DEB923608733DC60010E9CD /* Debug */ = {
			isa = XCBuildConfiguration;
			buildSettings = {
				ARCHS = "$(ARCHS_STANDARD_64_BIT)";
				CLANG_CXX_LANGUAGE_STANDARD = "gnu++0x";
				CLANG_CXX_LIBRARY = "libc++";
				GCC_C_LANGUAGE_STANDARD = c99;
				GCC_MODEL_TUNING = "";
				GCC_OPTIMIZATION_LEVEL = 0;
				GCC_WARN_ABOUT_RETURN_TYPE = YES;
				GCC_WARN_UNUSED_VARIABLE = YES;
				ONLY_ACTIVE_ARCH = YES;
				PREBINDING = NO;
				SDKROOT = macosx;
			};
			name = Debug;
		};
		1DEB923708733DC60010E9CD /* Release */ = {
			isa = XCBuildConfiguration;
			buildSettings = {
				ARCHS = "$(ARCHS_STANDARD_64_BIT)";
				CLANG_CXX_LANGUAGE_STANDARD = "gnu++0x";
				CLANG_CXX_LIBRARY = "libc++";
				GCC_C_LANGUAGE_STANDARD = c99;
				GCC_MODEL_TUNING = "";
				GCC_WARN_ABOUT_RETURN_TYPE = YES;
				GCC_WARN_UNUSED_VARIABLE = YES;
				ONLY_ACTIVE_ARCH = YES;
				PREBINDING = NO;
				SDKROOT = macosx;
			};
			name = Release;
		};
/* End XCBuildConfiguration section */

/* Begin XCConfigurationList section */
		1DEB923108733DC60010E9CD /* Build configuration list for PBXNativeTarget "iTrek_0" */ = {
			isa = XCConfigurationList;
			buildConfigurations = (
				1DEB923208733DC60010E9CD /* Debug */,
				1DEB923308733DC60010E9CD /* Release */,
			);
			defaultConfigurationIsVisible = 0;
			defaultConfigurationName = Release;
		};
		1DEB923508733DC60010E9CD /* Build configuration list for PBXProject "iTrek_0" */ = {
			isa = XCConfigurationList;
			buildConfigurations = (
				1DEB923608733DC60010E9CD /* Debug */,
				1DEB923708733DC60010E9CD /* Release */,
			);
			defaultConfigurationIsVisible = 0;
			defaultConfigurationName = Release;
		};
/* End XCConfigurationList section */
	};
	rootObject = 08FB7793FE84155DC02AAC07 /* Project object */;
}
